
Microsoft Visual Studio Solution File, Format Version 12.00
# Visual Studio 15
VisualStudioVersion = 15.0.28010.2048
MinimumVisualStudioVersion = 10.0.40219.1
Project("{FAE04EC0-301F-11D3-BF4B-00C04F79EFBC}") = "WpfApp1", "WpfApp1\WpfApp1.csproj", "{30E6FCF3-A921-4103-A964-3A53CA2BAF12}"
EndProject
Global
	GlobalSection(SolutionConfigurationPlatforms) = preSolution
		Debug|Any CPU = Debug|Any CPU
		Release|Any CPU = Release|Any CPU
	EndGlobalSection
	GlobalSection(ProjectConfigurationPlatforms) = postSolution
		{30E6FCF3-A921-4103-A964-3A53CA2BAF12}.Debug|Any CPU.ActiveCfg = Debug|Any CPU
		{30E6FCF3-A921-4103-A964-3A53CA2BAF12}.Debug|Any CPU.Build.0 = Debug|Any CPU
		{30E6FCF3-A921-4103-A964-3A53CA2BAF12}.Release|Any CPU.ActiveCfg = Release|Any CPU
		{30E6FCF3-A921-4103-A964-3A53CA2BAF12}.Release|Any CPU.Build.0 = Release|Any CPU
	EndGlobalSection
	GlobalSection(SolutionProperties) = preSolution
		HideSolutionNode = FALSE
	EndGlobalSection
	GlobalSection(ExtensibilityGlobals) = postSolution
		SolutionGuid = {E31E4AC0-7BD7-4D57-AEA8-01FBF93F7979}
	EndGlobalSection
EndGlobal
